
Microsoft Visual Studio Solution File, Format Version 12.00
Project("{FAE04EC0-301F-11D3-BF4B-00C04F79EFBC}") = "ApiRequests.Http", "ApiRequests.Http\ApiRequests.Http.csproj", "{BA7D499C-4009-4015-B1B9-D1126309FBBB}"
EndProject
Project("{FAE04EC0-301F-11D3-BF4B-00C04F79EFBC}") = "ApiRequests.Http.Standard", "ApiRequests.Http.Standard\ApiRequests.Http.Standard.csproj", "{AC173D98-8EB9-44EE-BAC8-4E21178B2C97}"
EndProject
Project("{FAE04EC0-301F-11D3-BF4B-00C04F79EFBC}") = "ApiRequests.Http.Unity", "ApiRequests.Http.Unity\ApiRequests.Http.Unity.csproj", "{FC1E47A5-CC03-41E8-A43C-6A211F9BB469}"
EndProject
Project("{FAE04EC0-301F-11D3-BF4B-00C04F79EFBC}") = "ApiRequests.Http.Extensions", "ApiRequests.Http.Extensions\ApiRequests.Http.Extensions.csproj", "{DAE05400-B76B-4624-94AD-147345F1E276}"
EndProject
Project("{FAE04EC0-301F-11D3-BF4B-00C04F79EFBC}") = "ApiRequests", "ApiRequests\ApiRequests.csproj", "{3C807590-5ACB-49CC-A019-B13E36330551}"
EndProject
Project("{FAE04EC0-301F-11D3-BF4B-00C04F79EFBC}") = "ApiRequests.Amqp", "ApiRequests.Amqp\ApiRequests.Amqp.csproj", "{E74F96AC-BD44-483F-AAB0-2448BF4D685E}"
EndProject
Project("{FAE04EC0-301F-11D3-BF4B-00C04F79EFBC}") = "ApiRequests.Amqp.Standard", "ApiRequests.Amqp.Standard\ApiRequests.Amqp.Standard.csproj", "{29C1CB49-70C1-4A6D-B0B9-A62D136A64B6}"
EndProject
Project("{FAE04EC0-301F-11D3-BF4B-00C04F79EFBC}") = "ApiRequests.Amqp.Extensions", "ApiRequests.Amqp.Extensions\ApiRequests.Amqp.Extensions.csproj", "{A8CAFF44-1A3F-428B-993D-F8117D991542}"
EndProject
Project("{FAE04EC0-301F-11D3-BF4B-00C04F79EFBC}") = "ApiRequests.Grpc", "ApiRequests.Grpc\ApiRequests.Grpc.csproj", "{EE5BB4DD-291A-443F-B4EC-427F112B1836}"
EndProject
Global
	GlobalSection(SolutionConfigurationPlatforms) = preSolution
		Debug|Any CPU = Debug|Any CPU
		Release|Any CPU = Release|Any CPU
	EndGlobalSection
	GlobalSection(ProjectConfigurationPlatforms) = postSolution
		{BA7D499C-4009-4015-B1B9-D1126309FBBB}.Debug|Any CPU.ActiveCfg = Debug|Any CPU
		{BA7D499C-4009-4015-B1B9-D1126309FBBB}.Debug|Any CPU.Build.0 = Debug|Any CPU
		{BA7D499C-4009-4015-B1B9-D1126309FBBB}.Release|Any CPU.ActiveCfg = Release|Any CPU
		{BA7D499C-4009-4015-B1B9-D1126309FBBB}.Release|Any CPU.Build.0 = Release|Any CPU
		{AC173D98-8EB9-44EE-BAC8-4E21178B2C97}.Debug|Any CPU.ActiveCfg = Debug|Any CPU
		{AC173D98-8EB9-44EE-BAC8-4E21178B2C97}.Debug|Any CPU.Build.0 = Debug|Any CPU
		{AC173D98-8EB9-44EE-BAC8-4E21178B2C97}.Release|Any CPU.ActiveCfg = Release|Any CPU
		{AC173D98-8EB9-44EE-BAC8-4E21178B2C97}.Release|Any CPU.Build.0 = Release|Any CPU
		{FC1E47A5-CC03-41E8-A43C-6A211F9BB469}.Debug|Any CPU.ActiveCfg = Debug|Any CPU
		{FC1E47A5-CC03-41E8-A43C-6A211F9BB469}.Debug|Any CPU.Build.0 = Debug|Any CPU
		{FC1E47A5-CC03-41E8-A43C-6A211F9BB469}.Release|Any CPU.ActiveCfg = Release|Any CPU
		{FC1E47A5-CC03-41E8-A43C-6A211F9BB469}.Release|Any CPU.Build.0 = Release|Any CPU
		{DAE05400-B76B-4624-94AD-147345F1E276}.Debug|Any CPU.ActiveCfg = Debug|Any CPU
		{DAE05400-B76B-4624-94AD-147345F1E276}.Debug|Any CPU.Build.0 = Debug|Any CPU
		{DAE05400-B76B-4624-94AD-147345F1E276}.Release|Any CPU.ActiveCfg = Release|Any CPU
		{DAE05400-B76B-4624-94AD-147345F1E276}.Release|Any CPU.Build.0 = Release|Any CPU
		{3C807590-5ACB-49CC-A019-B13E36330551}.Debug|Any CPU.ActiveCfg = Debug|Any CPU
		{3C807590-5ACB-49CC-A019-B13E36330551}.Debug|Any CPU.Build.0 = Debug|Any CPU
		{3C807590-5ACB-49CC-A019-B13E36330551}.Release|Any CPU.ActiveCfg = Release|Any CPU
		{3C807590-5ACB-49CC-A019-B13E36330551}.Release|Any CPU.Build.0 = Release|Any CPU
		{E74F96AC-BD44-483F-AAB0-2448BF4D685E}.Debug|Any CPU.ActiveCfg = Debug|Any CPU
		{E74F96AC-BD44-483F-AAB0-2448BF4D685E}.Debug|Any CPU.Build.0 = Debug|Any CPU
		{E74F96AC-BD44-483F-AAB0-2448BF4D685E}.Release|Any CPU.ActiveCfg = Release|Any CPU
		{E74F96AC-BD44-483F-AAB0-2448BF4D685E}.Release|Any CPU.Build.0 = Release|Any CPU
		{29C1CB49-70C1-4A6D-B0B9-A62D136A64B6}.Debug|Any CPU.ActiveCfg = Debug|Any CPU
		{29C1CB49-70C1-4A6D-B0B9-A62D136A64B6}.Debug|Any CPU.Build.0 = Debug|Any CPU
		{29C1CB49-70C1-4A6D-B0B9-A62D136A64B6}.Release|Any CPU.ActiveCfg = Release|Any CPU
		{29C1CB49-70C1-4A6D-B0B9-A62D136A64B6}.Release|Any CPU.Build.0 = Release|Any CPU
		{A8CAFF44-1A3F-428B-993D-F8117D991542}.Debug|Any CPU.ActiveCfg = Debug|Any CPU
		{A8CAFF44-1A3F-428B-993D-F8117D991542}.Debug|Any CPU.Build.0 = Debug|Any CPU
		{A8CAFF44-1A3F-428B-993D-F8117D991542}.Release|Any CPU.ActiveCfg = Release|Any CPU
		{A8CAFF44-1A3F-428B-993D-F8117D991542}.Release|Any CPU.Build.0 = Release|Any CPU
		{EE5BB4DD-291A-443F-B4EC-427F112B1836}.Debug|Any CPU.ActiveCfg = Debug|Any CPU
		{EE5BB4DD-291A-443F-B4EC-427F112B1836}.Debug|Any CPU.Build.0 = Debug|Any CPU
		{EE5BB4DD-291A-443F-B4EC-427F112B1836}.Release|Any CPU.ActiveCfg = Release|Any CPU
		{EE5BB4DD-291A-443F-B4EC-427F112B1836}.Release|Any CPU.Build.0 = Release|Any CPU
	EndGlobalSection
EndGlobal
