
Microsoft Visual Studio Solution File, Format Version 12.00
Project("{FAE04EC0-301F-11D3-BF4B-00C04F79EFBC}") = "ApiRequests.Http", "ApiRequests.Http\ApiRequests.Http.csproj", "{BA7D499C-4009-4015-B1B9-D1126309FBBB}"
EndProject
Project("{FAE04EC0-301F-11D3-BF4B-00C04F79EFBC}") = "ApiRequests.Http.Standard", "ApiRequests.Http.Standard\ApiRequests.Http.Standard.csproj", "{AC173D98-8EB9-44EE-BAC8-4E21178B2C97}"
EndProject
Project("{FAE04EC0-301F-11D3-BF4B-00C04F79EFBC}") = "ApiRequests.Http.Unity", "ApiRequests.Http.Unity\ApiRequests.Http.Unity.csproj", "{FC1E47A5-CC03-41E8-A43C-6A211F9BB469}"
EndProject
Global
	GlobalSection(SolutionConfigurationPlatforms) = preSolution
		Debug|Any CPU = Debug|Any CPU
		Release|Any CPU = Release|Any CPU
	EndGlobalSection
	GlobalSection(ProjectConfigurationPlatforms) = postSolution
		{BA7D499C-4009-4015-B1B9-D1126309FBBB}.Debug|Any CPU.ActiveCfg = Debug|Any CPU
		{BA7D499C-4009-4015-B1B9-D1126309FBBB}.Debug|Any CPU.Build.0 = Debug|Any CPU
		{BA7D499C-4009-4015-B1B9-D1126309FBBB}.Release|Any CPU.ActiveCfg = Release|Any CPU
		{BA7D499C-4009-4015-B1B9-D1126309FBBB}.Release|Any CPU.Build.0 = Release|Any CPU
		{AC173D98-8EB9-44EE-BAC8-4E21178B2C97}.Debug|Any CPU.ActiveCfg = Debug|Any CPU
		{AC173D98-8EB9-44EE-BAC8-4E21178B2C97}.Debug|Any CPU.Build.0 = Debug|Any CPU
		{AC173D98-8EB9-44EE-BAC8-4E21178B2C97}.Release|Any CPU.ActiveCfg = Release|Any CPU
		{AC173D98-8EB9-44EE-BAC8-4E21178B2C97}.Release|Any CPU.Build.0 = Release|Any CPU
		{FC1E47A5-CC03-41E8-A43C-6A211F9BB469}.Debug|Any CPU.ActiveCfg = Debug|Any CPU
		{FC1E47A5-CC03-41E8-A43C-6A211F9BB469}.Debug|Any CPU.Build.0 = Debug|Any CPU
		{FC1E47A5-CC03-41E8-A43C-6A211F9BB469}.Release|Any CPU.ActiveCfg = Release|Any CPU
		{FC1E47A5-CC03-41E8-A43C-6A211F9BB469}.Release|Any CPU.Build.0 = Release|Any CPU
	EndGlobalSection
EndGlobal
